
Microsoft Visual Studio Solution File, Format Version 12.00
# Visual Studio Version 16
VisualStudioVersion = 16.0.29209.62
MinimumVisualStudioVersion = 10.0.40219.1
Project("{FAE04EC0-301F-11D3-BF4B-00C04F79EFBC}") = "MakePlusWebAPI", "MakePlusWebAPI\MakePlusWebAPI.csproj", "{4E10E67A-1388-4129-9595-59828D518EEF}"
EndProject
Global
	GlobalSection(SolutionConfigurationPlatforms) = preSolution
		Debug|Any CPU = Debug|Any CPU
		Release|Any CPU = Release|Any CPU
	EndGlobalSection
	GlobalSection(ProjectConfigurationPlatforms) = postSolution
		{4E10E67A-1388-4129-9595-59828D518EEF}.Debug|Any CPU.ActiveCfg = Debug|Any CPU
		{4E10E67A-1388-4129-9595-59828D518EEF}.Debug|Any CPU.Build.0 = Debug|Any CPU
		{4E10E67A-1388-4129-9595-59828D518EEF}.Release|Any CPU.ActiveCfg = Release|Any CPU
		{4E10E67A-1388-4129-9595-59828D518EEF}.Release|Any CPU.Build.0 = Release|Any CPU
	EndGlobalSection
	GlobalSection(SolutionProperties) = preSolution
		HideSolutionNode = FALSE
	EndGlobalSection
	GlobalSection(ExtensibilityGlobals) = postSolution
		SolutionGuid = {D941A5A7-E64A-4DDB-9DC0-D5056A4146E8}
	EndGlobalSection
EndGlobal
